
Microsoft Visual Studio Solution File, Format Version 12.00
# Visual Studio 15
VisualStudioVersion = 15.0.26730.16
MinimumVisualStudioVersion = 10.0.40219.1
Project("{FAE04EC0-301F-11D3-BF4B-00C04F79EFBC}") = "PhotoTaker.Android", "PhotoTaker\PhotoTaker.Android\PhotoTaker.Android.csproj", "{2BF78C17-9E43-498A-823B-826F0976943D}"
EndProject
Project("{FAE04EC0-301F-11D3-BF4B-00C04F79EFBC}") = "PhotoTaker.iOS", "PhotoTaker\PhotoTaker.iOS\PhotoTaker.iOS.csproj", "{D4E65902-5261-47C4-8A25-4010A572C4AA}"
EndProject
Project("{FAE04EC0-301F-11D3-BF4B-00C04F79EFBC}") = "PhotoTaker.UWP", "PhotoTaker\PhotoTaker.UWP\PhotoTaker.UWP.csproj", "{8B8A4DC3-44AA-4563-B2C2-65F318228117}"
EndProject
Project("{D954291E-2A0B-460D-934E-DC6B0785DB48}") = "PhotoTaker", "PhotoTaker\PhotoTaker\PhotoTaker.shproj", "{2E1D4D50-52EF-4A66-BA82-02E3B483CDE9}"
EndProject
Global
	GlobalSection(SharedMSBuildProjectFiles) = preSolution
		PhotoTaker\PhotoTaker\PhotoTaker.projitems*{2e1d4d50-52ef-4a66-ba82-02e3b483cde9}*SharedItemsImports = 13
	EndGlobalSection
	GlobalSection(SolutionConfigurationPlatforms) = preSolution
		Debug|Any CPU = Debug|Any CPU
		Debug|ARM = Debug|ARM
		Debug|iPhone = Debug|iPhone
		Debug|iPhoneSimulator = Debug|iPhoneSimulator
		Debug|x64 = Debug|x64
		Debug|x86 = Debug|x86
		Release|Any CPU = Release|Any CPU
		Release|ARM = Release|ARM
		Release|iPhone = Release|iPhone
		Release|iPhoneSimulator = Release|iPhoneSimulator
		Release|x64 = Release|x64
		Release|x86 = Release|x86
	EndGlobalSection
	GlobalSection(ProjectConfigurationPlatforms) = postSolution
		{2BF78C17-9E43-498A-823B-826F0976943D}.Debug|Any CPU.ActiveCfg = Debug|Any CPU
		{2BF78C17-9E43-498A-823B-826F0976943D}.Debug|Any CPU.Build.0 = Debug|Any CPU
		{2BF78C17-9E43-498A-823B-826F0976943D}.Debug|Any CPU.Deploy.0 = Debug|Any CPU
		{2BF78C17-9E43-498A-823B-826F0976943D}.Debug|ARM.ActiveCfg = Debug|Any CPU
		{2BF78C17-9E43-498A-823B-826F0976943D}.Debug|ARM.Build.0 = Debug|Any CPU
		{2BF78C17-9E43-498A-823B-826F0976943D}.Debug|ARM.Deploy.0 = Debug|Any CPU
		{2BF78C17-9E43-498A-823B-826F0976943D}.Debug|iPhone.ActiveCfg = Debug|Any CPU
		{2BF78C17-9E43-498A-823B-826F0976943D}.Debug|iPhone.Build.0 = Debug|Any CPU
		{2BF78C17-9E43-498A-823B-826F0976943D}.Debug|iPhone.Deploy.0 = Debug|Any CPU
		{2BF78C17-9E43-498A-823B-826F0976943D}.Debug|iPhoneSimulator.ActiveCfg = Debug|Any CPU
		{2BF78C17-9E43-498A-823B-826F0976943D}.Debug|iPhoneSimulator.Build.0 = Debug|Any CPU
		{2BF78C17-9E43-498A-823B-826F0976943D}.Debug|iPhoneSimulator.Deploy.0 = Debug|Any CPU
		{2BF78C17-9E43-498A-823B-826F0976943D}.Debug|x64.ActiveCfg = Debug|Any CPU
		{2BF78C17-9E43-498A-823B-826F0976943D}.Debug|x64.Build.0 = Debug|Any CPU
		{2BF78C17-9E43-498A-823B-826F0976943D}.Debug|x64.Deploy.0 = Debug|Any CPU
		{2BF78C17-9E43-498A-823B-826F0976943D}.Debug|x86.ActiveCfg = Debug|Any CPU
		{2BF78C17-9E43-498A-823B-826F0976943D}.Debug|x86.Build.0 = Debug|Any CPU
		{2BF78C17-9E43-498A-823B-826F0976943D}.Debug|x86.Deploy.0 = Debug|Any CPU
		{2BF78C17-9E43-498A-823B-826F0976943D}.Release|Any CPU.ActiveCfg = Release|Any CPU
		{2BF78C17-9E43-498A-823B-826F0976943D}.Release|Any CPU.Build.0 = Release|Any CPU
		{2BF78C17-9E43-498A-823B-826F0976943D}.Release|Any CPU.Deploy.0 = Release|Any CPU
		{2BF78C17-9E43-498A-823B-826F0976943D}.Release|ARM.ActiveCfg = Release|Any CPU
		{2BF78C17-9E43-498A-823B-826F0976943D}.Release|ARM.Build.0 = Release|Any CPU
		{2BF78C17-9E43-498A-823B-826F0976943D}.Release|ARM.Deploy.0 = Release|Any CPU
		{2BF78C17-9E43-498A-823B-826F0976943D}.Release|iPhone.ActiveCfg = Release|Any CPU
		{2BF78C17-9E43-498A-823B-826F0976943D}.Release|iPhone.Build.0 = Release|Any CPU
		{2BF78C17-9E43-498A-823B-826F0976943D}.Release|iPhone.Deploy.0 = Release|Any CPU
		{2BF78C17-9E43-498A-823B-826F0976943D}.Release|iPhoneSimulator.ActiveCfg = Release|Any CPU
		{2BF78C17-9E43-498A-823B-826F0976943D}.Release|iPhoneSimulator.Build.0 = Release|Any CPU
		{2BF78C17-9E43-498A-823B-826F0976943D}.Release|iPhoneSimulator.Deploy.0 = Release|Any CPU
		{2BF78C17-9E43-498A-823B-826F0976943D}.Release|x64.ActiveCfg = Release|Any CPU
		{2BF78C17-9E43-498A-823B-826F0976943D}.Release|x64.Build.0 = Release|Any CPU
		{2BF78C17-9E43-498A-823B-826F0976943D}.Release|x64.Deploy.0 = Release|Any CPU
		{2BF78C17-9E43-498A-823B-826F0976943D}.Release|x86.ActiveCfg = Release|Any CPU
		{2BF78C17-9E43-498A-823B-826F0976943D}.Release|x86.Build.0 = Release|Any CPU
		{2BF78C17-9E43-498A-823B-826F0976943D}.Release|x86.Deploy.0 = Release|Any CPU
		{D4E65902-5261-47C4-8A25-4010A572C4AA}.Debug|Any CPU.ActiveCfg = Debug|iPhone
		{D4E65902-5261-47C4-8A25-4010A572C4AA}.Debug|ARM.ActiveCfg = Debug|iPhone
		{D4E65902-5261-47C4-8A25-4010A572C4AA}.Debug|iPhone.ActiveCfg = Debug|iPhone
		{D4E65902-5261-47C4-8A25-4010A572C4AA}.Debug|iPhone.Build.0 = Debug|iPhone
		{D4E65902-5261-47C4-8A25-4010A572C4AA}.Debug|iPhoneSimulator.ActiveCfg = Debug|iPhoneSimulator
		{D4E65902-5261-47C4-8A25-4010A572C4AA}.Debug|iPhoneSimulator.Build.0 = Debug|iPhoneSimulator
		{D4E65902-5261-47C4-8A25-4010A572C4AA}.Debug|x64.ActiveCfg = Debug|iPhone
		{D4E65902-5261-47C4-8A25-4010A572C4AA}.Debug|x86.ActiveCfg = Debug|iPhone
		{D4E65902-5261-47C4-8A25-4010A572C4AA}.Release|Any CPU.ActiveCfg = Release|iPhone
		{D4E65902-5261-47C4-8A25-4010A572C4AA}.Release|ARM.ActiveCfg = Release|iPhone
		{D4E65902-5261-47C4-8A25-4010A572C4AA}.Release|iPhone.ActiveCfg = Release|iPhone
		{D4E65902-5261-47C4-8A25-4010A572C4AA}.Release|iPhone.Build.0 = Release|iPhone
		{D4E65902-5261-47C4-8A25-4010A572C4AA}.Release|iPhoneSimulator.ActiveCfg = Release|iPhoneSimulator
		{D4E65902-5261-47C4-8A25-4010A572C4AA}.Release|iPhoneSimulator.Build.0 = Release|iPhoneSimulator
		{D4E65902-5261-47C4-8A25-4010A572C4AA}.Release|x64.ActiveCfg = Release|iPhone
		{D4E65902-5261-47C4-8A25-4010A572C4AA}.Release|x86.ActiveCfg = Release|iPhone
		{8B8A4DC3-44AA-4563-B2C2-65F318228117}.Debug|Any CPU.ActiveCfg = Debug|x86
		{8B8A4DC3-44AA-4563-B2C2-65F318228117}.Debug|ARM.ActiveCfg = Debug|ARM
		{8B8A4DC3-44AA-4563-B2C2-65F318228117}.Debug|ARM.Build.0 = Debug|ARM
		{8B8A4DC3-44AA-4563-B2C2-65F318228117}.Debug|ARM.Deploy.0 = Debug|ARM
		{8B8A4DC3-44AA-4563-B2C2-65F318228117}.Debug|iPhone.ActiveCfg = Debug|x86
		{8B8A4DC3-44AA-4563-B2C2-65F318228117}.Debug|iPhoneSimulator.ActiveCfg = Debug|x86
		{8B8A4DC3-44AA-4563-B2C2-65F318228117}.Debug|x64.ActiveCfg = Debug|x64
		{8B8A4DC3-44AA-4563-B2C2-65F318228117}.Debug|x64.Build.0 = Debug|x64
		{8B8A4DC3-44AA-4563-B2C2-65F318228117}.Debug|x64.Deploy.0 = Debug|x64
		{8B8A4DC3-44AA-4563-B2C2-65F318228117}.Debug|x86.ActiveCfg = Debug|x86
		{8B8A4DC3-44AA-4563-B2C2-65F318228117}.Debug|x86.Build.0 = Debug|x86
		{8B8A4DC3-44AA-4563-B2C2-65F318228117}.Debug|x86.Deploy.0 = Debug|x86
		{8B8A4DC3-44AA-4563-B2C2-65F318228117}.Release|Any CPU.ActiveCfg = Release|x86
		{8B8A4DC3-44AA-4563-B2C2-65F318228117}.Release|ARM.ActiveCfg = Release|ARM
		{8B8A4DC3-44AA-4563-B2C2-65F318228117}.Release|ARM.Build.0 = Release|ARM
		{8B8A4DC3-44AA-4563-B2C2-65F318228117}.Release|ARM.Deploy.0 = Release|ARM
		{8B8A4DC3-44AA-4563-B2C2-65F318228117}.Release|iPhone.ActiveCfg = Release|x86
		{8B8A4DC3-44AA-4563-B2C2-65F318228117}.Release|iPhoneSimulator.ActiveCfg = Release|x86
		{8B8A4DC3-44AA-4563-B2C2-65F318228117}.Release|x64.ActiveCfg = Release|x64
		{8B8A4DC3-44AA-4563-B2C2-65F318228117}.Release|x64.Build.0 = Release|x64
		{8B8A4DC3-44AA-4563-B2C2-65F318228117}.Release|x64.Deploy.0 = Release|x64
		{8B8A4DC3-44AA-4563-B2C2-65F318228117}.Release|x86.ActiveCfg = Release|x86
		{8B8A4DC3-44AA-4563-B2C2-65F318228117}.Release|x86.Build.0 = Release|x86
		{8B8A4DC3-44AA-4563-B2C2-65F318228117}.Release|x86.Deploy.0 = Release|x86
	EndGlobalSection
	GlobalSection(SolutionProperties) = preSolution
		HideSolutionNode = FALSE
	EndGlobalSection
	GlobalSection(ExtensibilityGlobals) = postSolution
		SolutionGuid = {DFA8D1FF-2C9F-496E-9CC4-CDDA20CAA3BD}
	EndGlobalSection
EndGlobal
